// !$*UTF8*$!
{
	archiveVersion = 1;
	classes = {
	};
	objectVersion = 46;
	objects = {

/* Begin PBXBuildFile section */
		B3C48E0119C339B100538BBA /* Foundation.framework in Frameworks */ = {isa = PBXBuildFile; fileRef = B3C48E0019C339B100538BBA /* Foundation.framework */; };
		B3C48E0319C339B100538BBA /* CoreGraphics.framework in Frameworks */ = {isa = PBXBuildFile; fileRef = B3C48E0219C339B100538BBA /* CoreGraphics.framework */; };
		B3C48E0519C339B100538BBA /* UIKit.framework in Frameworks */ = {isa = PBXBuildFile; fileRef = B3C48E0419C339B100538BBA /* UIKit.framework */; };
		B3C48E0B19C339B100538BBA /* InfoPlist.strings in Resources */ = {isa = PBXBuildFile; fileRef = B3C48E0919C339B100538BBA /* InfoPlist.strings */; };
		B3C48E0D19C339B100538BBA /* main.m in Sources */ = {isa = PBXBuildFile; fileRef = B3C48E0C19C339B100538BBA /* main.m */; };
		B3C48E1119C339B100538BBA /* GMAppDelegate.m in Sources */ = {isa = PBXBuildFile; fileRef = B3C48E1019C339B100538BBA /* GMAppDelegate.m */; };
		B3C48E1319C339B100538BBA /* Images.xcassets in Resources */ = {isa = PBXBuildFile; fileRef = B3C48E1219C339B100538BBA /* Images.xcassets */; };
		B3C48E1A19C339B200538BBA /* XCTest.framework in Frameworks */ = {isa = PBXBuildFile; fileRef = B3C48E1919C339B200538BBA /* XCTest.framework */; };
		B3C48E1B19C339B200538BBA /* Foundation.framework in Frameworks */ = {isa = PBXBuildFile; fileRef = B3C48E0019C339B100538BBA /* Foundation.framework */; };
		B3C48E1C19C339B200538BBA /* UIKit.framework in Frameworks */ = {isa = PBXBuildFile; fileRef = B3C48E0419C339B100538BBA /* UIKit.framework */; };
		B3C48E2419C339B200538BBA /* InfoPlist.strings in Resources */ = {isa = PBXBuildFile; fileRef = B3C48E2219C339B200538BBA /* InfoPlist.strings */; };
		B3C48E2619C339B200538BBA /* GMDataCachingTests.m in Sources */ = {isa = PBXBuildFile; fileRef = B3C48E2519C339B200538BBA /* GMDataCachingTests.m */; };
/* End PBXBuildFile section */

/* Begin PBXContainerItemProxy section */
		B3C48E1D19C339B200538BBA /* PBXContainerItemProxy */ = {
			isa = PBXContainerItemProxy;
			containerPortal = B3C48DF519C339B100538BBA /* Project object */;
			proxyType = 1;
			remoteGlobalIDString = B3C48DFC19C339B100538BBA;
			remoteInfo = GMDataCaching;
		};
/* End PBXContainerItemProxy section */

/* Begin PBXFileReference section */
		B3C48DFD19C339B100538BBA /* GMDataCaching.app */ = {isa = PBXFileReference; explicitFileType = wrapper.application; includeInIndex = 0; path = GMDataCaching.app; sourceTree = BUILT_PRODUCTS_DIR; };
		B3C48E0019C339B100538BBA /* Foundation.framework */ = {isa = PBXFileReference; lastKnownFileType = wrapper.framework; name = Foundation.framework; path = System/Library/Frameworks/Foundation.framework; sourceTree = SDKROOT; };
		B3C48E0219C339B100538BBA /* CoreGraphics.framework */ = {isa = PBXFileReference; lastKnownFileType = wrapper.framework; name = CoreGraphics.framework; path = System/Library/Frameworks/CoreGraphics.framework; sourceTree = SDKROOT; };
		B3C48E0419C339B100538BBA /* UIKit.framework */ = {isa = PBXFileReference; lastKnownFileType = wrapper.framework; name = UIKit.framework; path = System/Library/Frameworks/UIKit.framework; sourceTree = SDKROOT; };
		B3C48E0819C339B100538BBA /* GMDataCaching-Info.plist */ = {isa = PBXFileReference; lastKnownFileType = text.plist.xml; path = "GMDataCaching-Info.plist"; sourceTree = "<group>"; };
		B3C48E0A19C339B100538BBA /* en */ = {isa = PBXFileReference; lastKnownFileType = text.plist.strings; name = en; path = en.lproj/InfoPlist.strings; sourceTree = "<group>"; };
		B3C48E0C19C339B100538BBA /* main.m */ = {isa = PBXFileReference; lastKnownFileType = sourcecode.c.objc; path = main.m; sourceTree = "<group>"; };
		B3C48E0E19C339B100538BBA /* GMDataCaching-Prefix.pch */ = {isa = PBXFileReference; lastKnownFileType = sourcecode.c.h; path = "GMDataCaching-Prefix.pch"; sourceTree = "<group>"; };
		B3C48E0F19C339B100538BBA /* GMAppDelegate.h */ = {isa = PBXFileReference; lastKnownFileType = sourcecode.c.h; path = GMAppDelegate.h; sourceTree = "<group>"; };
		B3C48E1019C339B100538BBA /* GMAppDelegate.m */ = {isa = PBXFileReference; lastKnownFileType = sourcecode.c.objc; path = GMAppDelegate.m; sourceTree = "<group>"; };
		B3C48E1219C339B100538BBA /* Images.xcassets */ = {isa = PBXFileReference; lastKnownFileType = folder.assetcatalog; path = Images.xcassets; sourceTree = "<group>"; };
		B3C48E1819C339B200538BBA /* GMDataCachingTests.xctest */ = {isa = PBXFileReference; explicitFileType = wrapper.cfbundle; includeInIndex = 0; path = GMDataCachingTests.xctest; sourceTree = BUILT_PRODUCTS_DIR; };
		B3C48E1919C339B200538BBA /* XCTest.framework */ = {isa = PBXFileReference; lastKnownFileType = wrapper.framework; name = XCTest.framework; path = Library/Frameworks/XCTest.framework; sourceTree = DEVELOPER_DIR; };
		B3C48E2119C339B200538BBA /* GMDataCachingTests-Info.plist */ = {isa = PBXFileReference; lastKnownFileType = text.plist.xml; path = "GMDataCachingTests-Info.plist"; sourceTree = "<group>"; };
		B3C48E2319C339B200538BBA /* en */ = {isa = PBXFileReference; lastKnownFileType = text.plist.strings; name = en; path = en.lproj/InfoPlist.strings; sourceTree = "<group>"; };
		B3C48E2519C339B200538BBA /* GMDataCachingTests.m */ = {isa = PBXFileReference; lastKnownFileType = sourcecode.c.objc; path = GMDataCachingTests.m; sourceTree = "<group>"; };
/* End PBXFileReference section */

/* Begin PBXFrameworksBuildPhase section */
		B3C48DFA19C339B100538BBA /* Frameworks */ = {
			isa = PBXFrameworksBuildPhase;
			buildActionMask = 2147483647;
			files = (
				B3C48E0319C339B100538BBA /* CoreGraphics.framework in Frameworks */,
				B3C48E0519C339B100538BBA /* UIKit.framework in Frameworks */,
				B3C48E0119C339B100538BBA /* Foundation.framework in Frameworks */,
			);
			runOnlyForDeploymentPostprocessing = 0;
		};
		B3C48E1519C339B200538BBA /* Frameworks */ = {
			isa = PBXFrameworksBuildPhase;
			buildActionMask = 2147483647;
			files = (
				B3C48E1A19C339B200538BBA /* XCTest.framework in Frameworks */,
				B3C48E1C19C339B200538BBA /* UIKit.framework in Frameworks */,
				B3C48E1B19C339B200538BBA /* Foundation.framework in Frameworks */,
			);
			runOnlyForDeploymentPostprocessing = 0;
		};
/* End PBXFrameworksBuildPhase section */

/* Begin PBXGroup section */
		B3C48DF419C339B100538BBA = {
			isa = PBXGroup;
			children = (
				B3C48E0619C339B100538BBA /* GMDataCaching */,
				B3C48E1F19C339B200538BBA /* GMDataCachingTests */,
				B3C48DFF19C339B100538BBA /* Frameworks */,
				B3C48DFE19C339B100538BBA /* Products */,
			);
			sourceTree = "<group>";
		};
		B3C48DFE19C339B100538BBA /* Products */ = {
			isa = PBXGroup;
			children = (
				B3C48DFD19C339B100538BBA /* GMDataCaching.app */,
				B3C48E1819C339B200538BBA /* GMDataCachingTests.xctest */,
			);
			name = Products;
			sourceTree = "<group>";
		};
		B3C48DFF19C339B100538BBA /* Frameworks */ = {
			isa = PBXGroup;
			children = (
				B3C48E0019C339B100538BBA /* Foundation.framework */,
				B3C48E0219C339B100538BBA /* CoreGraphics.framework */,
				B3C48E0419C339B100538BBA /* UIKit.framework */,
				B3C48E1919C339B200538BBA /* XCTest.framework */,
			);
			name = Frameworks;
			sourceTree = "<group>";
		};
		B3C48E0619C339B100538BBA /* GMDataCaching */ = {
			isa = PBXGroup;
			children = (
				B3C48E0F19C339B100538BBA /* GMAppDelegate.h */,
				B3C48E1019C339B100538BBA /* GMAppDelegate.m */,
				B3C48E1219C339B100538BBA /* Images.xcassets */,
				B3C48E0719C339B100538BBA /* Supporting Files */,
			);
			path = GMDataCaching;
			sourceTree = "<group>";
		};
		B3C48E0719C339B100538BBA /* Supporting Files */ = {
			isa = PBXGroup;
			children = (
				B3C48E0819C339B100538BBA /* GMDataCaching-Info.plist */,
				B3C48E0919C339B100538BBA /* InfoPlist.strings */,
				B3C48E0C19C339B100538BBA /* main.m */,
				B3C48E0E19C339B100538BBA /* GMDataCaching-Prefix.pch */,
			);
			name = "Supporting Files";
			sourceTree = "<group>";
		};
		B3C48E1F19C339B200538BBA /* GMDataCachingTests */ = {
			isa = PBXGroup;
			children = (
				B3C48E2519C339B200538BBA /* GMDataCachingTests.m */,
				B3C48E2019C339B200538BBA /* Supporting Files */,
			);
			path = GMDataCachingTests;
			sourceTree = "<group>";
		};
		B3C48E2019C339B200538BBA /* Supporting Files */ = {
			isa = PBXGroup;
			children = (
				B3C48E2119C339B200538BBA /* GMDataCachingTests-Info.plist */,
				B3C48E2219C339B200538BBA /* InfoPlist.strings */,
			);
			name = "Supporting Files";
			sourceTree = "<group>";
		};
/* End PBXGroup section */

/* Begin PBXNativeTarget section */
		B3C48DFC19C339B100538BBA /* GMDataCaching */ = {
			isa = PBXNativeTarget;
			buildConfigurationList = B3C48E2919C339B200538BBA /* Build configuration list for PBXNativeTarget "GMDataCaching" */;
			buildPhases = (
				B3C48DF919C339B100538BBA /* Sources */,
				B3C48DFA19C339B100538BBA /* Frameworks */,
				B3C48DFB19C339B100538BBA /* Resources */,
			);
			buildRules = (
			);
			dependencies = (
			);
			name = GMDataCaching;
			productName = GMDataCaching;
			productReference = B3C48DFD19C339B100538BBA /* GMDataCaching.app */;
			productType = "com.apple.product-type.application";
		};
		B3C48E1719C339B200538BBA /* GMDataCachingTests */ = {
			isa = PBXNativeTarget;
			buildConfigurationList = B3C48E2C19C339B200538BBA /* Build configuration list for PBXNativeTarget "GMDataCachingTests" */;
			buildPhases = (
				B3C48E1419C339B200538BBA /* Sources */,
				B3C48E1519C339B200538BBA /* Frameworks */,
				B3C48E1619C339B200538BBA /* Resources */,
			);
			buildRules = (
			);
			dependencies = (
				B3C48E1E19C339B200538BBA /* PBXTargetDependency */,
			);
			name = GMDataCachingTests;
			productName = GMDataCachingTests;
			productReference = B3C48E1819C339B200538BBA /* GMDataCachingTests.xctest */;
			productType = "com.apple.product-type.bundle.unit-test";
		};
/* End PBXNativeTarget section */

/* Begin PBXProject section */
		B3C48DF519C339B100538BBA /* Project object */ = {
			isa = PBXProject;
			attributes = {
				CLASSPREFIX = GM;
				LastUpgradeCheck = 0510;
				ORGANIZATIONNAME = "Guilherme Duarte Mattos";
				TargetAttributes = {
					B3C48E1719C339B200538BBA = {
						TestTargetID = B3C48DFC19C339B100538BBA;
					};
				};
			};
			buildConfigurationList = B3C48DF819C339B100538BBA /* Build configuration list for PBXProject "GMDataCaching" */;
			compatibilityVersion = "Xcode 3.2";
			developmentRegion = English;
			hasScannedForEncodings = 0;
			knownRegions = (
				en,
			);
			mainGroup = B3C48DF419C339B100538BBA;
			productRefGroup = B3C48DFE19C339B100538BBA /* Products */;
			projectDirPath = "";
			projectRoot = "";
			targets = (
				B3C48DFC19C339B100538BBA /* GMDataCaching */,
				B3C48E1719C339B200538BBA /* GMDataCachingTests */,
			);
		};
/* End PBXProject section */

/* Begin PBXResourcesBuildPhase section */
		B3C48DFB19C339B100538BBA /* Resources */ = {
			isa = PBXResourcesBuildPhase;
			buildActionMask = 2147483647;
			files = (
				B3C48E0B19C339B100538BBA /* InfoPlist.strings in Resources */,
				B3C48E1319C339B100538BBA /* Images.xcassets in Resources */,
			);
			runOnlyForDeploymentPostprocessing = 0;
		};
		B3C48E1619C339B200538BBA /* Resources */ = {
			isa = PBXResourcesBuildPhase;
			buildActionMask = 2147483647;
			files = (
				B3C48E2419C339B200538BBA /* InfoPlist.strings in Resources */,
			);
			runOnlyForDeploymentPostprocessing = 0;
		};
/* End PBXResourcesBuildPhase section */

/* Begin PBXSourcesBuildPhase section */
		B3C48DF919C339B100538BBA /* Sources */ = {
			isa = PBXSourcesBuildPhase;
			buildActionMask = 2147483647;
			files = (
				B3C48E1119C339B100538BBA /* GMAppDelegate.m in Sources */,
				B3C48E0D19C339B100538BBA /* main.m in Sources */,
			);
			runOnlyForDeploymentPostprocessing = 0;
		};
		B3C48E1419C339B200538BBA /* Sources */ = {
			isa = PBXSourcesBuildPhase;
			buildActionMask = 2147483647;
			files = (
				B3C48E2619C339B200538BBA /* GMDataCachingTests.m in Sources */,
			);
			runOnlyForDeploymentPostprocessing = 0;
		};
/* End PBXSourcesBuildPhase section */

/* Begin PBXTargetDependency section */
		B3C48E1E19C339B200538BBA /* PBXTargetDependency */ = {
			isa = PBXTargetDependency;
			target = B3C48DFC19C339B100538BBA /* GMDataCaching */;
			targetProxy = B3C48E1D19C339B200538BBA /* PBXContainerItemProxy */;
		};
/* End PBXTargetDependency section */

/* Begin PBXVariantGroup section */
		B3C48E0919C339B100538BBA /* InfoPlist.strings */ = {
			isa = PBXVariantGroup;
			children = (
				B3C48E0A19C339B100538BBA /* en */,
			);
			name = InfoPlist.strings;
			sourceTree = "<group>";
		};
		B3C48E2219C339B200538BBA /* InfoPlist.strings */ = {
			isa = PBXVariantGroup;
			children = (
				B3C48E2319C339B200538BBA /* en */,
			);
			name = InfoPlist.strings;
			sourceTree = "<group>";
		};
/* End PBXVariantGroup section */

/* Begin XCBuildConfiguration section */
		B3C48E2719C339B200538BBA /* Debug */ = {
			isa = XCBuildConfiguration;
			buildSettings = {
				ALWAYS_SEARCH_USER_PATHS = NO;
				CLANG_CXX_LANGUAGE_STANDARD = "gnu++0x";
				CLANG_CXX_LIBRARY = "libc++";
				CLANG_ENABLE_MODULES = YES;
				CLANG_ENABLE_OBJC_ARC = YES;
				CLANG_WARN_BOOL_CONVERSION = YES;
				CLANG_WARN_CONSTANT_CONVERSION = YES;
				CLANG_WARN_DIRECT_OBJC_ISA_USAGE = YES_ERROR;
				CLANG_WARN_EMPTY_BODY = YES;
				CLANG_WARN_ENUM_CONVERSION = YES;
				CLANG_WARN_INT_CONVERSION = YES;
				CLANG_WARN_OBJC_ROOT_CLASS = YES_ERROR;
				CLANG_WARN__DUPLICATE_METHOD_MATCH = YES;
				"CODE_SIGN_IDENTITY[sdk=iphoneos*]" = "iPhone Developer";
				COPY_PHASE_STRIP = NO;
				GCC_C_LANGUAGE_STANDARD = gnu99;
				GCC_DYNAMIC_NO_PIC = NO;
				GCC_OPTIMIZATION_LEVEL = 0;
				GCC_PREPROCESSOR_DEFINITIONS = (
					"DEBUG=1",
					"$(inherited)",
				);
				GCC_SYMBOLS_PRIVATE_EXTERN = NO;
				GCC_WARN_64_TO_32_BIT_CONVERSION = YES;
				GCC_WARN_ABOUT_RETURN_TYPE = YES_ERROR;
				GCC_WARN_UNDECLARED_SELECTOR = YES;
				GCC_WARN_UNINITIALIZED_AUTOS = YES_AGGRESSIVE;
				GCC_WARN_UNUSED_FUNCTION = YES;
				GCC_WARN_UNUSED_VARIABLE = YES;
				IPHONEOS_DEPLOYMENT_TARGET = 7.1;
				ONLY_ACTIVE_ARCH = YES;
				SDKROOT = iphoneos;
				TARGETED_DEVICE_FAMILY = "1,2";
			};
			name = Debug;
		};
		B3C48E2819C339B200538BBA /* Release */ = {
			isa = XCBuildConfiguration;
			buildSettings = {
				ALWAYS_SEARCH_USER_PATHS = NO;
				CLANG_CXX_LANGUAGE_STANDARD = "gnu++0x";
				CLANG_CXX_LIBRARY = "libc++";
				CLANG_ENABLE_MODULES = YES;
				CLANG_ENABLE_OBJC_ARC = YES;
				CLANG_WARN_BOOL_CONVERSION = YES;
				CLANG_WARN_CONSTANT_CONVERSION = YES;
				CLANG_WARN_DIRECT_OBJC_ISA_USAGE = YES_ERROR;
				CLANG_WARN_EMPTY_BODY = YES;
				CLANG_WARN_ENUM_CONVERSION = YES;
				CLANG_WARN_INT_CONVERSION = YES;
				CLANG_WARN_OBJC_ROOT_CLASS = YES_ERROR;
				CLANG_WARN__DUPLICATE_METHOD_MATCH = YES;
				"CODE_SIGN_IDENTITY[sdk=iphoneos*]" = "iPhone Developer";
				COPY_PHASE_STRIP = YES;
				ENABLE_NS_ASSERTIONS = NO;
				GCC_C_LANGUAGE_STANDARD = gnu99;
				GCC_WARN_64_TO_32_BIT_CONVERSION = YES;
				GCC_WARN_ABOUT_RETURN_TYPE = YES_ERROR;
				GCC_WARN_UNDECLARED_SELECTOR = YES;
				GCC_WARN_UNINITIALIZED_AUTOS = YES_AGGRESSIVE;
				GCC_WARN_UNUSED_FUNCTION = YES;
				GCC_WARN_UNUSED_VARIABLE = YES;
				IPHONEOS_DEPLOYMENT_TARGET = 7.1;
				SDKROOT = iphoneos;
				TARGETED_DEVICE_FAMILY = "1,2";
				VALIDATE_PRODUCT = YES;
			};
			name = Release;
		};
		B3C48E2A19C339B200538BBA /* Debug */ = {
			isa = XCBuildConfiguration;
			buildSettings = {
				ASSETCATALOG_COMPILER_APPICON_NAME = AppIcon;
				ASSETCATALOG_COMPILER_LAUNCHIMAGE_NAME = LaunchImage;
				GCC_PRECOMPILE_PREFIX_HEADER = YES;
				GCC_PREFIX_HEADER = "GMDataCaching/GMDataCaching-Prefix.pch";
				INFOPLIST_FILE = "GMDataCaching/GMDataCaching-Info.plist";
				PRODUCT_NAME = "$(TARGET_NAME)";
				WRAPPER_EXTENSION = app;
			};
			name = Debug;
		};
		B3C48E2B19C339B200538BBA /* Release */ = {
			isa = XCBuildConfiguration;
			buildSettings = {
				ASSETCATALOG_COMPILER_APPICON_NAME = AppIcon;
				ASSETCATALOG_COMPILER_LAUNCHIMAGE_NAME = LaunchImage;
				GCC_PRECOMPILE_PREFIX_HEADER = YES;
				GCC_PREFIX_HEADER = "GMDataCaching/GMDataCaching-Prefix.pch";
				INFOPLIST_FILE = "GMDataCaching/GMDataCaching-Info.plist";
				PRODUCT_NAME = "$(TARGET_NAME)";
				WRAPPER_EXTENSION = app;
			};
			name = Release;
		};
		B3C48E2D19C339B200538BBA /* Debug */ = {
			isa = XCBuildConfiguration;
			buildSettings = {
				BUNDLE_LOADER = "$(BUILT_PRODUCTS_DIR)/GMDataCaching.app/GMDataCaching";
				FRAMEWORK_SEARCH_PATHS = (
					"$(SDKROOT)/Developer/Library/Frameworks",
					"$(inherited)",
					"$(DEVELOPER_FRAMEWORKS_DIR)",
				);
				GCC_PRECOMPILE_PREFIX_HEADER = YES;
				GCC_PREFIX_HEADER = "GMDataCaching/GMDataCaching-Prefix.pch";
				GCC_PREPROCESSOR_DEFINITIONS = (
					"DEBUG=1",
					"$(inherited)",
				);
				INFOPLIST_FILE = "GMDataCachingTests/GMDataCachingTests-Info.plist";
				PRODUCT_NAME = "$(TARGET_NAME)";
				TEST_HOST = "$(BUNDLE_LOADER)";
				WRAPPER_EXTENSION = xctest;
			};
			name = Debug;
		};
		B3C48E2E19C339B200538BBA /* Release */ = {
			isa = XCBuildConfiguration;
			buildSettings = {
				BUNDLE_LOADER = "$(BUILT_PRODUCTS_DIR)/GMDataCaching.app/GMDataCaching";
				FRAMEWORK_SEARCH_PATHS = (
					"$(SDKROOT)/Developer/Library/Frameworks",
					"$(inherited)",
					"$(DEVELOPER_FRAMEWORKS_DIR)",
				);
				GCC_PRECOMPILE_PREFIX_HEADER = YES;
				GCC_PREFIX_HEADER = "GMDataCaching/GMDataCaching-Prefix.pch";
				INFOPLIST_FILE = "GMDataCachingTests/GMDataCachingTests-Info.plist";
				PRODUCT_NAME = "$(TARGET_NAME)";
				TEST_HOST = "$(BUNDLE_LOADER)";
				WRAPPER_EXTENSION = xctest;
			};
			name = Release;
		};
/* End XCBuildConfiguration section */

/* Begin XCConfigurationList section */
		B3C48DF819C339B100538BBA /* Build configuration list for PBXProject "GMDataCaching" */ = {
			isa = XCConfigurationList;
			buildConfigurations = (
				B3C48E2719C339B200538BBA /* Debug */,
				B3C48E2819C339B200538BBA /* Release */,
			);
			defaultConfigurationIsVisible = 0;
			defaultConfigurationName = Release;
		};
		B3C48E2919C339B200538BBA /* Build configuration list for PBXNativeTarget "GMDataCaching" */ = {
			isa = XCConfigurationList;
			buildConfigurations = (
				B3C48E2A19C339B200538BBA /* Debug */,
				B3C48E2B19C339B200538BBA /* Release */,
			);
			defaultConfigurationIsVisible = 0;
		};
		B3C48E2C19C339B200538BBA /* Build configuration list for PBXNativeTarget "GMDataCachingTests" */ = {
			isa = XCConfigurationList;
			buildConfigurations = (
				B3C48E2D19C339B200538BBA /* Debug */,
				B3C48E2E19C339B200538BBA /* Release */,
			);
			defaultConfigurationIsVisible = 0;
		};
/* End XCConfigurationList section */
	};
	rootObject = B3C48DF519C339B100538BBA /* Project object */;
}
